
Microsoft Visual Studio Solution File, Format Version 12.00
# Visual Studio Version 16
VisualStudioVersion = 16.0.31025.194
MinimumVisualStudioVersion = 10.0.40219.1
Project("{8BC9CEB8-8B4A-11D0-8D11-00A0C91BC942}") = "ConsoleApplicationEvent", "ConsoleApplicationEvent\ConsoleApplicationEvent.vcxproj", "{8A66F506-D247-470F-B08F-CF65628417C8}"
EndProject
Global
	GlobalSection(SolutionConfigurationPlatforms) = preSolution
		Debug|x64 = Debug|x64
		Debug|x86 = Debug|x86
		Release|x64 = Release|x64
		Release|x86 = Release|x86
	EndGlobalSection
	GlobalSection(ProjectConfigurationPlatforms) = postSolution
		{8A66F506-D247-470F-B08F-CF65628417C8}.Debug|x64.ActiveCfg = Debug|x64
		{8A66F506-D247-470F-B08F-CF65628417C8}.Debug|x64.Build.0 = Debug|x64
		{8A66F506-D247-470F-B08F-CF65628417C8}.Debug|x86.ActiveCfg = Debug|Win32
		{8A66F506-D247-470F-B08F-CF65628417C8}.Debug|x86.Build.0 = Debug|Win32
		{8A66F506-D247-470F-B08F-CF65628417C8}.Release|x64.ActiveCfg = Release|x64
		{8A66F506-D247-470F-B08F-CF65628417C8}.Release|x64.Build.0 = Release|x64
		{8A66F506-D247-470F-B08F-CF65628417C8}.Release|x86.ActiveCfg = Release|Win32
		{8A66F506-D247-470F-B08F-CF65628417C8}.Release|x86.Build.0 = Release|Win32
	EndGlobalSection
	GlobalSection(SolutionProperties) = preSolution
		HideSolutionNode = FALSE
	EndGlobalSection
	GlobalSection(ExtensibilityGlobals) = postSolution
		SolutionGuid = {B1DC30E8-6CE8-475F-91D1-DD9A968799B6}
	EndGlobalSection
EndGlobal
